
Microsoft Visual Studio Solution File, Format Version 12.00
# Visual Studio Version 17
VisualStudioVersion = 17.3.32825.248
MinimumVisualStudioVersion = 10.0.40219.1
Project("{8BC9CEB8-8B4A-11D0-8D11-00A0C91BC942}") = "2-6", "2-6\2-6.vcxproj", "{CB3375E3-2E0E-41D7-B70A-BF8AE740AA7A}"
EndProject
Global
	GlobalSection(SolutionConfigurationPlatforms) = preSolution
		Debug|x64 = Debug|x64
		Debug|x86 = Debug|x86
		Release|x64 = Release|x64
		Release|x86 = Release|x86
	EndGlobalSection
	GlobalSection(ProjectConfigurationPlatforms) = postSolution
		{CB3375E3-2E0E-41D7-B70A-BF8AE740AA7A}.Debug|x64.ActiveCfg = Debug|x64
		{CB3375E3-2E0E-41D7-B70A-BF8AE740AA7A}.Debug|x64.Build.0 = Debug|x64
		{CB3375E3-2E0E-41D7-B70A-BF8AE740AA7A}.Debug|x86.ActiveCfg = Debug|Win32
		{CB3375E3-2E0E-41D7-B70A-BF8AE740AA7A}.Debug|x86.Build.0 = Debug|Win32
		{CB3375E3-2E0E-41D7-B70A-BF8AE740AA7A}.Release|x64.ActiveCfg = Release|x64
		{CB3375E3-2E0E-41D7-B70A-BF8AE740AA7A}.Release|x64.Build.0 = Release|x64
		{CB3375E3-2E0E-41D7-B70A-BF8AE740AA7A}.Release|x86.ActiveCfg = Release|Win32
		{CB3375E3-2E0E-41D7-B70A-BF8AE740AA7A}.Release|x86.Build.0 = Release|Win32
	EndGlobalSection
	GlobalSection(SolutionProperties) = preSolution
		HideSolutionNode = FALSE
	EndGlobalSection
	GlobalSection(ExtensibilityGlobals) = postSolution
		SolutionGuid = {FA9B2C70-5EDA-44EF-B137-108B487299AB}
	EndGlobalSection
EndGlobal
